// !$*UTF8*$!
{
	archiveVersion = 1;
	classes = {
	};
	objectVersion = 46;
	objects = {

/* Begin PBXBuildFile section */
		7132C54214E753040009F1CB /* UIKit.framework in Frameworks */ = {isa = PBXBuildFile; fileRef = 7132C54114E753040009F1CB /* UIKit.framework */; };
		7132C54414E753040009F1CB /* Foundation.framework in Frameworks */ = {isa = PBXBuildFile; fileRef = 7132C54314E753040009F1CB /* Foundation.framework */; };
		7132C54614E753040009F1CB /* CoreGraphics.framework in Frameworks */ = {isa = PBXBuildFile; fileRef = 7132C54514E753040009F1CB /* CoreGraphics.framework */; };
		7132C54C14E753040009F1CB /* InfoPlist.strings in Resources */ = {isa = PBXBuildFile; fileRef = 7132C54A14E753040009F1CB /* InfoPlist.strings */; };
		7132C54E14E753040009F1CB /* main.m in Sources */ = {isa = PBXBuildFile; fileRef = 7132C54D14E753040009F1CB /* main.m */; };
		7132C55214E753050009F1CB /* AppDelegate.m in Sources */ = {isa = PBXBuildFile; fileRef = 7132C55114E753050009F1CB /* AppDelegate.m */; };
		7132C55514E753050009F1CB /* SearchViewController.m in Sources */ = {isa = PBXBuildFile; fileRef = 7132C55414E753050009F1CB /* SearchViewController.m */; };
		7132C55814E753050009F1CB /* SearchViewController.xib in Resources */ = {isa = PBXBuildFile; fileRef = 7132C55614E753050009F1CB /* SearchViewController.xib */; };
		7132C56414E75D5E0009F1CB /* SearchResult.m in Sources */ = {isa = PBXBuildFile; fileRef = 7132C56314E75D5E0009F1CB /* SearchResult.m */; };
		7132C57614E7617D0009F1CB /* BarTexture.png in Resources */ = {isa = PBXBuildFile; fileRef = 7132C56714E7617D0009F1CB /* BarTexture.png */; };
		7132C57714E7617D0009F1CB /* BarTexture@2x.png in Resources */ = {isa = PBXBuildFile; fileRef = 7132C56814E7617D0009F1CB /* BarTexture@2x.png */; };
		7132C57814E7617D0009F1CB /* CloseButton.png in Resources */ = {isa = PBXBuildFile; fileRef = 7132C56914E7617D0009F1CB /* CloseButton.png */; };
		7132C57914E7617D0009F1CB /* CloseButton@2x.png in Resources */ = {isa = PBXBuildFile; fileRef = 7132C56A14E7617D0009F1CB /* CloseButton@2x.png */; };
		7132C57A14E7617D0009F1CB /* DetailPlaceholder.png in Resources */ = {isa = PBXBuildFile; fileRef = 7132C56B14E7617D0009F1CB /* DetailPlaceholder.png */; };
		7132C57B14E7617D0009F1CB /* DetailPlaceholder@2x.png in Resources */ = {isa = PBXBuildFile; fileRef = 7132C56C14E7617D0009F1CB /* DetailPlaceholder@2x.png */; };
		7132C57C14E7617D0009F1CB /* LandscapeBackground.png in Resources */ = {isa = PBXBuildFile; fileRef = 7132C56D14E7617D0009F1CB /* LandscapeBackground.png */; };
		7132C57D14E7617D0009F1CB /* LandscapeButton.png in Resources */ = {isa = PBXBuildFile; fileRef = 7132C56E14E7617D0009F1CB /* LandscapeButton.png */; };
		7132C57E14E7617D0009F1CB /* LandscapeButton@2x.png in Resources */ = {isa = PBXBuildFile; fileRef = 7132C56F14E7617D0009F1CB /* LandscapeButton@2x.png */; };
		7132C57F14E7617D0009F1CB /* Placeholder.png in Resources */ = {isa = PBXBuildFile; fileRef = 7132C57014E7617D0009F1CB /* Placeholder.png */; };
		7132C58014E7617D0009F1CB /* Placeholder@2x.png in Resources */ = {isa = PBXBuildFile; fileRef = 7132C57114E7617D0009F1CB /* Placeholder@2x.png */; };
		7132C58114E7617D0009F1CB /* SelectedTableCellGradient.png in Resources */ = {isa = PBXBuildFile; fileRef = 7132C57214E7617D0009F1CB /* SelectedTableCellGradient.png */; };
		7132C58214E7617D0009F1CB /* StoreButton.png in Resources */ = {isa = PBXBuildFile; fileRef = 7132C57314E7617D0009F1CB /* StoreButton.png */; };
		7132C58314E7617D0009F1CB /* StoreButton@2x.png in Resources */ = {isa = PBXBuildFile; fileRef = 7132C57414E7617D0009F1CB /* StoreButton@2x.png */; };
		7132C58414E7617D0009F1CB /* TableCellGradient.png in Resources */ = {isa = PBXBuildFile; fileRef = 7132C57514E7617D0009F1CB /* TableCellGradient.png */; };
		7132C58614E761A40009F1CB /* SearchResultCell.xib in Resources */ = {isa = PBXBuildFile; fileRef = 7132C58514E761A40009F1CB /* SearchResultCell.xib */; };
		7132C58914E763860009F1CB /* SearchResultCell.m in Sources */ = {isa = PBXBuildFile; fileRef = 7132C58814E763860009F1CB /* SearchResultCell.m */; };
		7132C58B14E766E10009F1CB /* NothingFoundCell.xib in Resources */ = {isa = PBXBuildFile; fileRef = 7132C58A14E766E10009F1CB /* NothingFoundCell.xib */; };
/* End PBXBuildFile section */

/* Begin PBXFileReference section */
		7132C53D14E753040009F1CB /* StoreSearch.app */ = {isa = PBXFileReference; explicitFileType = wrapper.application; includeInIndex = 0; path = StoreSearch.app; sourceTree = BUILT_PRODUCTS_DIR; };
		7132C54114E753040009F1CB /* UIKit.framework */ = {isa = PBXFileReference; lastKnownFileType = wrapper.framework; name = UIKit.framework; path = System/Library/Frameworks/UIKit.framework; sourceTree = SDKROOT; };
		7132C54314E753040009F1CB /* Foundation.framework */ = {isa = PBXFileReference; lastKnownFileType = wrapper.framework; name = Foundation.framework; path = System/Library/Frameworks/Foundation.framework; sourceTree = SDKROOT; };
		7132C54514E753040009F1CB /* CoreGraphics.framework */ = {isa = PBXFileReference; lastKnownFileType = wrapper.framework; name = CoreGraphics.framework; path = System/Library/Frameworks/CoreGraphics.framework; sourceTree = SDKROOT; };
		7132C54914E753040009F1CB /* StoreSearch-Info.plist */ = {isa = PBXFileReference; lastKnownFileType = text.plist.xml; path = "StoreSearch-Info.plist"; sourceTree = "<group>"; };
		7132C54B14E753040009F1CB /* en */ = {isa = PBXFileReference; lastKnownFileType = text.plist.strings; name = en; path = en.lproj/InfoPlist.strings; sourceTree = "<group>"; };
		7132C54D14E753040009F1CB /* main.m */ = {isa = PBXFileReference; lastKnownFileType = sourcecode.c.objc; path = main.m; sourceTree = "<group>"; };
		7132C54F14E753040009F1CB /* StoreSearch-Prefix.pch */ = {isa = PBXFileReference; lastKnownFileType = sourcecode.c.h; path = "StoreSearch-Prefix.pch"; sourceTree = "<group>"; };
		7132C55014E753040009F1CB /* AppDelegate.h */ = {isa = PBXFileReference; lastKnownFileType = sourcecode.c.h; path = AppDelegate.h; sourceTree = "<group>"; };
		7132C55114E753050009F1CB /* AppDelegate.m */ = {isa = PBXFileReference; lastKnownFileType = sourcecode.c.objc; path = AppDelegate.m; sourceTree = "<group>"; };
		7132C55314E753050009F1CB /* SearchViewController.h */ = {isa = PBXFileReference; lastKnownFileType = sourcecode.c.h; path = SearchViewController.h; sourceTree = "<group>"; };
		7132C55414E753050009F1CB /* SearchViewController.m */ = {isa = PBXFileReference; lastKnownFileType = sourcecode.c.objc; path = SearchViewController.m; sourceTree = "<group>"; };
		7132C55714E753050009F1CB /* en */ = {isa = PBXFileReference; lastKnownFileType = file.xib; name = en; path = en.lproj/SearchViewController.xib; sourceTree = "<group>"; };
		7132C56214E75D5E0009F1CB /* SearchResult.h */ = {isa = PBXFileReference; fileEncoding = 4; lastKnownFileType = sourcecode.c.h; path = SearchResult.h; sourceTree = "<group>"; };
		7132C56314E75D5E0009F1CB /* SearchResult.m */ = {isa = PBXFileReference; fileEncoding = 4; lastKnownFileType = sourcecode.c.objc; path = SearchResult.m; sourceTree = "<group>"; };
		7132C56714E7617D0009F1CB /* BarTexture.png */ = {isa = PBXFileReference; lastKnownFileType = image.png; path = BarTexture.png; sourceTree = "<group>"; };
		7132C56814E7617D0009F1CB /* BarTexture@2x.png */ = {isa = PBXFileReference; lastKnownFileType = image.png; path = "BarTexture@2x.png"; sourceTree = "<group>"; };
		7132C56914E7617D0009F1CB /* CloseButton.png */ = {isa = PBXFileReference; lastKnownFileType = image.png; path = CloseButton.png; sourceTree = "<group>"; };
		7132C56A14E7617D0009F1CB /* CloseButton@2x.png */ = {isa = PBXFileReference; lastKnownFileType = image.png; path = "CloseButton@2x.png"; sourceTree = "<group>"; };
		7132C56B14E7617D0009F1CB /* DetailPlaceholder.png */ = {isa = PBXFileReference; lastKnownFileType = image.png; path = DetailPlaceholder.png; sourceTree = "<group>"; };
		7132C56C14E7617D0009F1CB /* DetailPlaceholder@2x.png */ = {isa = PBXFileReference; lastKnownFileType = image.png; path = "DetailPlaceholder@2x.png"; sourceTree = "<group>"; };
		7132C56D14E7617D0009F1CB /* LandscapeBackground.png */ = {isa = PBXFileReference; lastKnownFileType = image.png; path = LandscapeBackground.png; sourceTree = "<group>"; };
		7132C56E14E7617D0009F1CB /* LandscapeButton.png */ = {isa = PBXFileReference; lastKnownFileType = image.png; path = LandscapeButton.png; sourceTree = "<group>"; };
		7132C56F14E7617D0009F1CB /* LandscapeButton@2x.png */ = {isa = PBXFileReference; lastKnownFileType = image.png; path = "LandscapeButton@2x.png"; sourceTree = "<group>"; };
		7132C57014E7617D0009F1CB /* Placeholder.png */ = {isa = PBXFileReference; lastKnownFileType = image.png; path = Placeholder.png; sourceTree = "<group>"; };
		7132C57114E7617D0009F1CB /* Placeholder@2x.png */ = {isa = PBXFileReference; lastKnownFileType = image.png; path = "Placeholder@2x.png"; sourceTree = "<group>"; };
		7132C57214E7617D0009F1CB /* SelectedTableCellGradient.png */ = {isa = PBXFileReference; lastKnownFileType = image.png; path = SelectedTableCellGradient.png; sourceTree = "<group>"; };
		7132C57314E7617D0009F1CB /* StoreButton.png */ = {isa = PBXFileReference; lastKnownFileType = image.png; path = StoreButton.png; sourceTree = "<group>"; };
		7132C57414E7617D0009F1CB /* StoreButton@2x.png */ = {isa = PBXFileReference; lastKnownFileType = image.png; path = "StoreButton@2x.png"; sourceTree = "<group>"; };
		7132C57514E7617D0009F1CB /* TableCellGradient.png */ = {isa = PBXFileReference; lastKnownFileType = image.png; path = TableCellGradient.png; sourceTree = "<group>"; };
		7132C58514E761A40009F1CB /* SearchResultCell.xib */ = {isa = PBXFileReference; fileEncoding = 4; lastKnownFileType = file.xib; path = SearchResultCell.xib; sourceTree = "<group>"; };
		7132C58714E763850009F1CB /* SearchResultCell.h */ = {isa = PBXFileReference; fileEncoding = 4; lastKnownFileType = sourcecode.c.h; path = SearchResultCell.h; sourceTree = "<group>"; };
		7132C58814E763860009F1CB /* SearchResultCell.m */ = {isa = PBXFileReference; fileEncoding = 4; lastKnownFileType = sourcecode.c.objc; path = SearchResultCell.m; sourceTree = "<group>"; };
		7132C58A14E766E10009F1CB /* NothingFoundCell.xib */ = {isa = PBXFileReference; fileEncoding = 4; lastKnownFileType = file.xib; path = NothingFoundCell.xib; sourceTree = "<group>"; };
/* End PBXFileReference section */

/* Begin PBXFrameworksBuildPhase section */
		7132C53A14E753040009F1CB /* Frameworks */ = {
			isa = PBXFrameworksBuildPhase;
			buildActionMask = 2147483647;
			files = (
				7132C54214E753040009F1CB /* UIKit.framework in Frameworks */,
				7132C54414E753040009F1CB /* Foundation.framework in Frameworks */,
				7132C54614E753040009F1CB /* CoreGraphics.framework in Frameworks */,
			);
			runOnlyForDeploymentPostprocessing = 0;
		};
/* End PBXFrameworksBuildPhase section */

/* Begin PBXGroup section */
		7132C53214E753040009F1CB = {
			isa = PBXGroup;
			children = (
				7132C54714E753040009F1CB /* StoreSearch */,
				7132C54014E753040009F1CB /* Frameworks */,
				7132C53E14E753040009F1CB /* Products */,
			);
			sourceTree = "<group>";
		};
		7132C53E14E753040009F1CB /* Products */ = {
			isa = PBXGroup;
			children = (
				7132C53D14E753040009F1CB /* StoreSearch.app */,
			);
			name = Products;
			sourceTree = "<group>";
		};
		7132C54014E753040009F1CB /* Frameworks */ = {
			isa = PBXGroup;
			children = (
				7132C54114E753040009F1CB /* UIKit.framework */,
				7132C54314E753040009F1CB /* Foundation.framework */,
				7132C54514E753040009F1CB /* CoreGraphics.framework */,
			);
			name = Frameworks;
			sourceTree = "<group>";
		};
		7132C54714E753040009F1CB /* StoreSearch */ = {
			isa = PBXGroup;
			children = (
				7132C56614E7617D0009F1CB /* Images */,
				7132C55014E753040009F1CB /* AppDelegate.h */,
				7132C55114E753050009F1CB /* AppDelegate.m */,
				7132C55314E753050009F1CB /* SearchViewController.h */,
				7132C55414E753050009F1CB /* SearchViewController.m */,
				7132C55614E753050009F1CB /* SearchViewController.xib */,
				7132C54814E753040009F1CB /* Supporting Files */,
				7132C56214E75D5E0009F1CB /* SearchResult.h */,
				7132C56314E75D5E0009F1CB /* SearchResult.m */,
				7132C58514E761A40009F1CB /* SearchResultCell.xib */,
				7132C58714E763850009F1CB /* SearchResultCell.h */,
				7132C58814E763860009F1CB /* SearchResultCell.m */,
				7132C58A14E766E10009F1CB /* NothingFoundCell.xib */,
			);
			path = StoreSearch;
			sourceTree = "<group>";
		};
		7132C54814E753040009F1CB /* Supporting Files */ = {
			isa = PBXGroup;
			children = (
				7132C54914E753040009F1CB /* StoreSearch-Info.plist */,
				7132C54A14E753040009F1CB /* InfoPlist.strings */,
				7132C54D14E753040009F1CB /* main.m */,
				7132C54F14E753040009F1CB /* StoreSearch-Prefix.pch */,
			);
			name = "Supporting Files";
			sourceTree = "<group>";
		};
		7132C56614E7617D0009F1CB /* Images */ = {
			isa = PBXGroup;
			children = (
				7132C56714E7617D0009F1CB /* BarTexture.png */,
				7132C56814E7617D0009F1CB /* BarTexture@2x.png */,
				7132C56914E7617D0009F1CB /* CloseButton.png */,
				7132C56A14E7617D0009F1CB /* CloseButton@2x.png */,
				7132C56B14E7617D0009F1CB /* DetailPlaceholder.png */,
				7132C56C14E7617D0009F1CB /* DetailPlaceholder@2x.png */,
				7132C56D14E7617D0009F1CB /* LandscapeBackground.png */,
				7132C56E14E7617D0009F1CB /* LandscapeButton.png */,
				7132C56F14E7617D0009F1CB /* LandscapeButton@2x.png */,
				7132C57014E7617D0009F1CB /* Placeholder.png */,
				7132C57114E7617D0009F1CB /* Placeholder@2x.png */,
				7132C57214E7617D0009F1CB /* SelectedTableCellGradient.png */,
				7132C57314E7617D0009F1CB /* StoreButton.png */,
				7132C57414E7617D0009F1CB /* StoreButton@2x.png */,
				7132C57514E7617D0009F1CB /* TableCellGradient.png */,
			);
			path = Images;
			sourceTree = "<group>";
		};
/* End PBXGroup section */

/* Begin PBXNativeTarget section */
		7132C53C14E753040009F1CB /* StoreSearch */ = {
			isa = PBXNativeTarget;
			buildConfigurationList = 7132C55B14E753050009F1CB /* Build configuration list for PBXNativeTarget "StoreSearch" */;
			buildPhases = (
				7132C53914E753040009F1CB /* Sources */,
				7132C53A14E753040009F1CB /* Frameworks */,
				7132C53B14E753040009F1CB /* Resources */,
			);
			buildRules = (
			);
			dependencies = (
			);
			name = StoreSearch;
			productName = StoreSearch;
			productReference = 7132C53D14E753040009F1CB /* StoreSearch.app */;
			productType = "com.apple.product-type.application";
		};
/* End PBXNativeTarget section */

/* Begin PBXProject section */
		7132C53414E753040009F1CB /* Project object */ = {
			isa = PBXProject;
			attributes = {
				LastUpgradeCheck = 0420;
			};
			buildConfigurationList = 7132C53714E753040009F1CB /* Build configuration list for PBXProject "StoreSearch" */;
			compatibilityVersion = "Xcode 3.2";
			developmentRegion = English;
			hasScannedForEncodings = 0;
			knownRegions = (
				en,
			);
			mainGroup = 7132C53214E753040009F1CB;
			productRefGroup = 7132C53E14E753040009F1CB /* Products */;
			projectDirPath = "";
			projectRoot = "";
			targets = (
				7132C53C14E753040009F1CB /* StoreSearch */,
			);
		};
/* End PBXProject section */

/* Begin PBXResourcesBuildPhase section */
		7132C53B14E753040009F1CB /* Resources */ = {
			isa = PBXResourcesBuildPhase;
			buildActionMask = 2147483647;
			files = (
				7132C54C14E753040009F1CB /* InfoPlist.strings in Resources */,
				7132C55814E753050009F1CB /* SearchViewController.xib in Resources */,
				7132C57614E7617D0009F1CB /* BarTexture.png in Resources */,
				7132C57714E7617D0009F1CB /* BarTexture@2x.png in Resources */,
				7132C57814E7617D0009F1CB /* CloseButton.png in Resources */,
				7132C57914E7617D0009F1CB /* CloseButton@2x.png in Resources */,
				7132C57A14E7617D0009F1CB /* DetailPlaceholder.png in Resources */,
				7132C57B14E7617D0009F1CB /* DetailPlaceholder@2x.png in Resources */,
				7132C57C14E7617D0009F1CB /* LandscapeBackground.png in Resources */,
				7132C57D14E7617D0009F1CB /* LandscapeButton.png in Resources */,
				7132C57E14E7617D0009F1CB /* LandscapeButton@2x.png in Resources */,
				7132C57F14E7617D0009F1CB /* Placeholder.png in Resources */,
				7132C58014E7617D0009F1CB /* Placeholder@2x.png in Resources */,
				7132C58114E7617D0009F1CB /* SelectedTableCellGradient.png in Resources */,
				7132C58214E7617D0009F1CB /* StoreButton.png in Resources */,
				7132C58314E7617D0009F1CB /* StoreButton@2x.png in Resources */,
				7132C58414E7617D0009F1CB /* TableCellGradient.png in Resources */,
				7132C58614E761A40009F1CB /* SearchResultCell.xib in Resources */,
				7132C58B14E766E10009F1CB /* NothingFoundCell.xib in Resources */,
			);
			runOnlyForDeploymentPostprocessing = 0;
		};
/* End PBXResourcesBuildPhase section */

/* Begin PBXSourcesBuildPhase section */
		7132C53914E753040009F1CB /* Sources */ = {
			isa = PBXSourcesBuildPhase;
			buildActionMask = 2147483647;
			files = (
				7132C54E14E753040009F1CB /* main.m in Sources */,
				7132C55214E753050009F1CB /* AppDelegate.m in Sources */,
				7132C55514E753050009F1CB /* SearchViewController.m in Sources */,
				7132C56414E75D5E0009F1CB /* SearchResult.m in Sources */,
				7132C58914E763860009F1CB /* SearchResultCell.m in Sources */,
			);
			runOnlyForDeploymentPostprocessing = 0;
		};
/* End PBXSourcesBuildPhase section */

/* Begin PBXVariantGroup section */
		7132C54A14E753040009F1CB /* InfoPlist.strings */ = {
			isa = PBXVariantGroup;
			children = (
				7132C54B14E753040009F1CB /* en */,
			);
			name = InfoPlist.strings;
			sourceTree = "<group>";
		};
		7132C55614E753050009F1CB /* SearchViewController.xib */ = {
			isa = PBXVariantGroup;
			children = (
				7132C55714E753050009F1CB /* en */,
			);
			name = SearchViewController.xib;
			sourceTree = "<group>";
		};
/* End PBXVariantGroup section */

/* Begin XCBuildConfiguration section */
		7132C55914E753050009F1CB /* Debug */ = {
			isa = XCBuildConfiguration;
			buildSettings = {
				ALWAYS_SEARCH_USER_PATHS = NO;
				ARCHS = "$(ARCHS_STANDARD_32_BIT)";
				CLANG_ENABLE_OBJC_ARC = YES;
				"CODE_SIGN_IDENTITY[sdk=iphoneos*]" = "iPhone Developer";
				COPY_PHASE_STRIP = NO;
				GCC_C_LANGUAGE_STANDARD = gnu99;
				GCC_DYNAMIC_NO_PIC = NO;
				GCC_OPTIMIZATION_LEVEL = 0;
				GCC_PREPROCESSOR_DEFINITIONS = (
					"DEBUG=1",
					"$(inherited)",
				);
				GCC_SYMBOLS_PRIVATE_EXTERN = NO;
				GCC_VERSION = com.apple.compilers.llvm.clang.1_0;
				GCC_WARN_ABOUT_MISSING_PROTOTYPES = YES;
				GCC_WARN_ABOUT_RETURN_TYPE = YES;
				GCC_WARN_UNUSED_VARIABLE = YES;
				IPHONEOS_DEPLOYMENT_TARGET = 5.0;
				SDKROOT = iphoneos;
			};
			name = Debug;
		};
		7132C55A14E753050009F1CB /* Release */ = {
			isa = XCBuildConfiguration;
			buildSettings = {
				ALWAYS_SEARCH_USER_PATHS = NO;
				ARCHS = "$(ARCHS_STANDARD_32_BIT)";
				CLANG_ENABLE_OBJC_ARC = YES;
				"CODE_SIGN_IDENTITY[sdk=iphoneos*]" = "iPhone Developer";
				COPY_PHASE_STRIP = YES;
				GCC_C_LANGUAGE_STANDARD = gnu99;
				GCC_VERSION = com.apple.compilers.llvm.clang.1_0;
				GCC_WARN_ABOUT_MISSING_PROTOTYPES = YES;
				GCC_WARN_ABOUT_RETURN_TYPE = YES;
				GCC_WARN_UNUSED_VARIABLE = YES;
				IPHONEOS_DEPLOYMENT_TARGET = 5.0;
				OTHER_CFLAGS = "-DNS_BLOCK_ASSERTIONS=1";
				SDKROOT = iphoneos;
				VALIDATE_PRODUCT = YES;
			};
			name = Release;
		};
		7132C55C14E753050009F1CB /* Debug */ = {
			isa = XCBuildConfiguration;
			buildSettings = {
				GCC_PRECOMPILE_PREFIX_HEADER = YES;
				GCC_PREFIX_HEADER = "StoreSearch/StoreSearch-Prefix.pch";
				INFOPLIST_FILE = "StoreSearch/StoreSearch-Info.plist";
				PRODUCT_NAME = "$(TARGET_NAME)";
				WRAPPER_EXTENSION = app;
			};
			name = Debug;
		};
		7132C55D14E753050009F1CB /* Release */ = {
			isa = XCBuildConfiguration;
			buildSettings = {
				GCC_PRECOMPILE_PREFIX_HEADER = YES;
				GCC_PREFIX_HEADER = "StoreSearch/StoreSearch-Prefix.pch";
				INFOPLIST_FILE = "StoreSearch/StoreSearch-Info.plist";
				PRODUCT_NAME = "$(TARGET_NAME)";
				WRAPPER_EXTENSION = app;
			};
			name = Release;
		};
/* End XCBuildConfiguration section */

/* Begin XCConfigurationList section */
		7132C53714E753040009F1CB /* Build configuration list for PBXProject "StoreSearch" */ = {
			isa = XCConfigurationList;
			buildConfigurations = (
				7132C55914E753050009F1CB /* Debug */,
				7132C55A14E753050009F1CB /* Release */,
			);
			defaultConfigurationIsVisible = 0;
			defaultConfigurationName = Release;
		};
		7132C55B14E753050009F1CB /* Build configuration list for PBXNativeTarget "StoreSearch" */ = {
			isa = XCConfigurationList;
			buildConfigurations = (
				7132C55C14E753050009F1CB /* Debug */,
				7132C55D14E753050009F1CB /* Release */,
			);
			defaultConfigurationIsVisible = 0;
			defaultConfigurationName = Release;
		};
/* End XCConfigurationList section */
	};
	rootObject = 7132C53414E753040009F1CB /* Project object */;
}
